
Microsoft Visual Studio Solution File, Format Version 12.00
# Visual Studio 15
VisualStudioVersion = 15.0.26124.0
MinimumVisualStudioVersion = 15.0.26124.0
Project("{2150E333-8FDC-42A3-9474-1A3956D46DE8}") = "src", "src", "{826D11E3-5CE9-4728-A6B9-96B81A7AF648}"
EndProject
Project("{FAE04EC0-301F-11D3-BF4B-00C04F79EFBC}") = "WakeOnLan", "src\WakeOnLan\WakeOnLan.csproj", "{4BC376BB-FDB6-4F18-806E-42F767D58561}"
EndProject
Project("{FAE04EC0-301F-11D3-BF4B-00C04F79EFBC}") = "WakeOnLan.Tests", "src\WakeOnLan.Tests\WakeOnLan.Tests.csproj", "{7B25CE21-7ED6-4C66-B3C0-5C35BFD4114B}"
EndProject
Global
	GlobalSection(SolutionConfigurationPlatforms) = preSolution
		Debug|Any CPU = Debug|Any CPU
		Debug|x64 = Debug|x64
		Debug|x86 = Debug|x86
		Release|Any CPU = Release|Any CPU
		Release|x64 = Release|x64
		Release|x86 = Release|x86
	EndGlobalSection
	GlobalSection(SolutionProperties) = preSolution
		HideSolutionNode = FALSE
	EndGlobalSection
	GlobalSection(ProjectConfigurationPlatforms) = postSolution
		{4BC376BB-FDB6-4F18-806E-42F767D58561}.Debug|Any CPU.ActiveCfg = Debug|Any CPU
		{4BC376BB-FDB6-4F18-806E-42F767D58561}.Debug|Any CPU.Build.0 = Debug|Any CPU
		{4BC376BB-FDB6-4F18-806E-42F767D58561}.Debug|x64.ActiveCfg = Debug|Any CPU
		{4BC376BB-FDB6-4F18-806E-42F767D58561}.Debug|x64.Build.0 = Debug|Any CPU
		{4BC376BB-FDB6-4F18-806E-42F767D58561}.Debug|x86.ActiveCfg = Debug|Any CPU
		{4BC376BB-FDB6-4F18-806E-42F767D58561}.Debug|x86.Build.0 = Debug|Any CPU
		{4BC376BB-FDB6-4F18-806E-42F767D58561}.Release|Any CPU.ActiveCfg = Release|Any CPU
		{4BC376BB-FDB6-4F18-806E-42F767D58561}.Release|Any CPU.Build.0 = Release|Any CPU
		{4BC376BB-FDB6-4F18-806E-42F767D58561}.Release|x64.ActiveCfg = Release|Any CPU
		{4BC376BB-FDB6-4F18-806E-42F767D58561}.Release|x64.Build.0 = Release|Any CPU
		{4BC376BB-FDB6-4F18-806E-42F767D58561}.Release|x86.ActiveCfg = Release|Any CPU
		{4BC376BB-FDB6-4F18-806E-42F767D58561}.Release|x86.Build.0 = Release|Any CPU
		{7B25CE21-7ED6-4C66-B3C0-5C35BFD4114B}.Debug|Any CPU.ActiveCfg = Debug|Any CPU
		{7B25CE21-7ED6-4C66-B3C0-5C35BFD4114B}.Debug|Any CPU.Build.0 = Debug|Any CPU
		{7B25CE21-7ED6-4C66-B3C0-5C35BFD4114B}.Debug|x64.ActiveCfg = Debug|Any CPU
		{7B25CE21-7ED6-4C66-B3C0-5C35BFD4114B}.Debug|x64.Build.0 = Debug|Any CPU
		{7B25CE21-7ED6-4C66-B3C0-5C35BFD4114B}.Debug|x86.ActiveCfg = Debug|Any CPU
		{7B25CE21-7ED6-4C66-B3C0-5C35BFD4114B}.Debug|x86.Build.0 = Debug|Any CPU
		{7B25CE21-7ED6-4C66-B3C0-5C35BFD4114B}.Release|Any CPU.ActiveCfg = Release|Any CPU
		{7B25CE21-7ED6-4C66-B3C0-5C35BFD4114B}.Release|Any CPU.Build.0 = Release|Any CPU
		{7B25CE21-7ED6-4C66-B3C0-5C35BFD4114B}.Release|x64.ActiveCfg = Release|Any CPU
		{7B25CE21-7ED6-4C66-B3C0-5C35BFD4114B}.Release|x64.Build.0 = Release|Any CPU
		{7B25CE21-7ED6-4C66-B3C0-5C35BFD4114B}.Release|x86.ActiveCfg = Release|Any CPU
		{7B25CE21-7ED6-4C66-B3C0-5C35BFD4114B}.Release|x86.Build.0 = Release|Any CPU
	EndGlobalSection
	GlobalSection(NestedProjects) = preSolution
		{4BC376BB-FDB6-4F18-806E-42F767D58561} = {826D11E3-5CE9-4728-A6B9-96B81A7AF648}
		{7B25CE21-7ED6-4C66-B3C0-5C35BFD4114B} = {826D11E3-5CE9-4728-A6B9-96B81A7AF648}
	EndGlobalSection
EndGlobal
