
Microsoft Visual Studio Solution File, Format Version 12.00
# Visual Studio 2013
VisualStudioVersion = 12.0.21005.1
MinimumVisualStudioVersion = 10.0.40219.1
Project("{FAE04EC0-301F-11D3-BF4B-00C04F79EFBC}") = "WakeOnLan45", "WOL\WakeOnLan45.csproj", "{3BC8E839-0028-484B-8D91-21EF31FA3D98}"
	ProjectSection(ProjectDependencies) = postProject
		{1212CE39-7229-4758-9F03-ED6F25C8F501} = {1212CE39-7229-4758-9F03-ED6F25C8F501}
	EndProjectSection
EndProject
Project("{FAE04EC0-301F-11D3-BF4B-00C04F79EFBC}") = "WakeOnLan35", "WOL\WakeOnLan35.csproj", "{E875CB92-FA9B-43CD-B415-57A1DC12C4C9}"
	ProjectSection(ProjectDependencies) = postProject
		{23D49212-7CF7-4E7F-94CA-F535489869B2} = {23D49212-7CF7-4E7F-94CA-F535489869B2}
	EndProjectSection
EndProject
Project("{FAE04EC0-301F-11D3-BF4B-00C04F79EFBC}") = "WakeOnLan20", "WOL\WakeOnLan20.csproj", "{23D49212-7CF7-4E7F-94CA-F535489869B2}"
EndProject
Project("{FAE04EC0-301F-11D3-BF4B-00C04F79EFBC}") = "WakeOnLan40", "WOL\WakeOnLan40.csproj", "{1212CE39-7229-4758-9F03-ED6F25C8F501}"
	ProjectSection(ProjectDependencies) = postProject
		{E875CB92-FA9B-43CD-B415-57A1DC12C4C9} = {E875CB92-FA9B-43CD-B415-57A1DC12C4C9}
	EndProjectSection
EndProject
Project("{FAE04EC0-301F-11D3-BF4B-00C04F79EFBC}") = "WakeOnLan.Testing", "WakeOnLan.Testing\WakeOnLan.Testing.csproj", "{3AEC412E-3F49-4632-8DCA-2B929AE33438}"
EndProject
Project("{FAE04EC0-301F-11D3-BF4B-00C04F79EFBC}") = "WakeOnLan451", "WOL\WakeOnLan451.csproj", "{49DDF71A-F533-431E-AD73-A4678B8A218B}"
	ProjectSection(ProjectDependencies) = postProject
		{3BC8E839-0028-484B-8D91-21EF31FA3D98} = {3BC8E839-0028-484B-8D91-21EF31FA3D98}
	EndProjectSection
EndProject
Global
	GlobalSection(SolutionConfigurationPlatforms) = preSolution
		Debug|Any CPU = Debug|Any CPU
		Debug|x86 = Debug|x86
		Release|Any CPU = Release|Any CPU
		Release|x86 = Release|x86
		ReleaseDebugSymbols|Any CPU = ReleaseDebugSymbols|Any CPU
		ReleaseDebugSymbols|x86 = ReleaseDebugSymbols|x86
	EndGlobalSection
	GlobalSection(ProjectConfigurationPlatforms) = postSolution
		{3BC8E839-0028-484B-8D91-21EF31FA3D98}.Debug|Any CPU.ActiveCfg = Debug|Any CPU
		{3BC8E839-0028-484B-8D91-21EF31FA3D98}.Debug|Any CPU.Build.0 = Debug|Any CPU
		{3BC8E839-0028-484B-8D91-21EF31FA3D98}.Debug|x86.ActiveCfg = Release|Any CPU
		{3BC8E839-0028-484B-8D91-21EF31FA3D98}.Debug|x86.Build.0 = Release|Any CPU
		{3BC8E839-0028-484B-8D91-21EF31FA3D98}.Release|Any CPU.ActiveCfg = Release|Any CPU
		{3BC8E839-0028-484B-8D91-21EF31FA3D98}.Release|Any CPU.Build.0 = Release|Any CPU
		{3BC8E839-0028-484B-8D91-21EF31FA3D98}.Release|Any CPU.Deploy.0 = Release|Any CPU
		{3BC8E839-0028-484B-8D91-21EF31FA3D98}.Release|x86.ActiveCfg = Release|Any CPU
		{3BC8E839-0028-484B-8D91-21EF31FA3D98}.Release|x86.Build.0 = Release|Any CPU
		{3BC8E839-0028-484B-8D91-21EF31FA3D98}.ReleaseDebugSymbols|Any CPU.ActiveCfg = ReleaseDebugSymbols|Any CPU
		{3BC8E839-0028-484B-8D91-21EF31FA3D98}.ReleaseDebugSymbols|Any CPU.Build.0 = ReleaseDebugSymbols|Any CPU
		{3BC8E839-0028-484B-8D91-21EF31FA3D98}.ReleaseDebugSymbols|x86.ActiveCfg = ReleaseDebugSymbols|x86
		{3BC8E839-0028-484B-8D91-21EF31FA3D98}.ReleaseDebugSymbols|x86.Build.0 = ReleaseDebugSymbols|x86
		{E875CB92-FA9B-43CD-B415-57A1DC12C4C9}.Debug|Any CPU.ActiveCfg = Debug|Any CPU
		{E875CB92-FA9B-43CD-B415-57A1DC12C4C9}.Debug|Any CPU.Build.0 = Debug|Any CPU
		{E875CB92-FA9B-43CD-B415-57A1DC12C4C9}.Debug|x86.ActiveCfg = Debug|x86
		{E875CB92-FA9B-43CD-B415-57A1DC12C4C9}.Debug|x86.Build.0 = Debug|x86
		{E875CB92-FA9B-43CD-B415-57A1DC12C4C9}.Release|Any CPU.ActiveCfg = Release|Any CPU
		{E875CB92-FA9B-43CD-B415-57A1DC12C4C9}.Release|Any CPU.Build.0 = Release|Any CPU
		{E875CB92-FA9B-43CD-B415-57A1DC12C4C9}.Release|x86.ActiveCfg = Release|x86
		{E875CB92-FA9B-43CD-B415-57A1DC12C4C9}.Release|x86.Build.0 = Release|x86
		{E875CB92-FA9B-43CD-B415-57A1DC12C4C9}.ReleaseDebugSymbols|Any CPU.ActiveCfg = ReleaseDebugSymbols|Any CPU
		{E875CB92-FA9B-43CD-B415-57A1DC12C4C9}.ReleaseDebugSymbols|Any CPU.Build.0 = ReleaseDebugSymbols|Any CPU
		{E875CB92-FA9B-43CD-B415-57A1DC12C4C9}.ReleaseDebugSymbols|x86.ActiveCfg = ReleaseDebugSymbols|x86
		{E875CB92-FA9B-43CD-B415-57A1DC12C4C9}.ReleaseDebugSymbols|x86.Build.0 = ReleaseDebugSymbols|x86
		{23D49212-7CF7-4E7F-94CA-F535489869B2}.Debug|Any CPU.ActiveCfg = Debug|Any CPU
		{23D49212-7CF7-4E7F-94CA-F535489869B2}.Debug|Any CPU.Build.0 = Debug|Any CPU
		{23D49212-7CF7-4E7F-94CA-F535489869B2}.Debug|x86.ActiveCfg = Debug|x86
		{23D49212-7CF7-4E7F-94CA-F535489869B2}.Debug|x86.Build.0 = Debug|x86
		{23D49212-7CF7-4E7F-94CA-F535489869B2}.Release|Any CPU.ActiveCfg = Release|Any CPU
		{23D49212-7CF7-4E7F-94CA-F535489869B2}.Release|Any CPU.Build.0 = Release|Any CPU
		{23D49212-7CF7-4E7F-94CA-F535489869B2}.Release|x86.ActiveCfg = Release|x86
		{23D49212-7CF7-4E7F-94CA-F535489869B2}.Release|x86.Build.0 = Release|x86
		{23D49212-7CF7-4E7F-94CA-F535489869B2}.ReleaseDebugSymbols|Any CPU.ActiveCfg = ReleaseDebugSymbols|Any CPU
		{23D49212-7CF7-4E7F-94CA-F535489869B2}.ReleaseDebugSymbols|Any CPU.Build.0 = ReleaseDebugSymbols|Any CPU
		{23D49212-7CF7-4E7F-94CA-F535489869B2}.ReleaseDebugSymbols|x86.ActiveCfg = ReleaseDebugSymbols|x86
		{23D49212-7CF7-4E7F-94CA-F535489869B2}.ReleaseDebugSymbols|x86.Build.0 = ReleaseDebugSymbols|x86
		{1212CE39-7229-4758-9F03-ED6F25C8F501}.Debug|Any CPU.ActiveCfg = Debug|Any CPU
		{1212CE39-7229-4758-9F03-ED6F25C8F501}.Debug|Any CPU.Build.0 = Debug|Any CPU
		{1212CE39-7229-4758-9F03-ED6F25C8F501}.Debug|x86.ActiveCfg = Debug|x86
		{1212CE39-7229-4758-9F03-ED6F25C8F501}.Debug|x86.Build.0 = Debug|x86
		{1212CE39-7229-4758-9F03-ED6F25C8F501}.Release|Any CPU.ActiveCfg = Release|Any CPU
		{1212CE39-7229-4758-9F03-ED6F25C8F501}.Release|Any CPU.Build.0 = Release|Any CPU
		{1212CE39-7229-4758-9F03-ED6F25C8F501}.Release|x86.ActiveCfg = Release|x86
		{1212CE39-7229-4758-9F03-ED6F25C8F501}.Release|x86.Build.0 = Release|x86
		{1212CE39-7229-4758-9F03-ED6F25C8F501}.ReleaseDebugSymbols|Any CPU.ActiveCfg = ReleaseDebugSymbols|Any CPU
		{1212CE39-7229-4758-9F03-ED6F25C8F501}.ReleaseDebugSymbols|Any CPU.Build.0 = ReleaseDebugSymbols|Any CPU
		{1212CE39-7229-4758-9F03-ED6F25C8F501}.ReleaseDebugSymbols|x86.ActiveCfg = ReleaseDebugSymbols|x86
		{1212CE39-7229-4758-9F03-ED6F25C8F501}.ReleaseDebugSymbols|x86.Build.0 = ReleaseDebugSymbols|x86
		{3AEC412E-3F49-4632-8DCA-2B929AE33438}.Debug|Any CPU.ActiveCfg = Debug|Any CPU
		{3AEC412E-3F49-4632-8DCA-2B929AE33438}.Debug|Any CPU.Build.0 = Debug|Any CPU
		{3AEC412E-3F49-4632-8DCA-2B929AE33438}.Debug|x86.ActiveCfg = Debug|Any CPU
		{3AEC412E-3F49-4632-8DCA-2B929AE33438}.Release|Any CPU.ActiveCfg = Release|Any CPU
		{3AEC412E-3F49-4632-8DCA-2B929AE33438}.Release|Any CPU.Build.0 = Release|Any CPU
		{3AEC412E-3F49-4632-8DCA-2B929AE33438}.Release|x86.ActiveCfg = Release|Any CPU
		{3AEC412E-3F49-4632-8DCA-2B929AE33438}.ReleaseDebugSymbols|Any CPU.ActiveCfg = ReleaseDebugSymbols|Any CPU
		{3AEC412E-3F49-4632-8DCA-2B929AE33438}.ReleaseDebugSymbols|Any CPU.Build.0 = ReleaseDebugSymbols|Any CPU
		{3AEC412E-3F49-4632-8DCA-2B929AE33438}.ReleaseDebugSymbols|x86.ActiveCfg = ReleaseDebugSymbols|Any CPU
		{49DDF71A-F533-431E-AD73-A4678B8A218B}.Debug|Any CPU.ActiveCfg = Debug|Any CPU
		{49DDF71A-F533-431E-AD73-A4678B8A218B}.Debug|Any CPU.Build.0 = Debug|Any CPU
		{49DDF71A-F533-431E-AD73-A4678B8A218B}.Debug|x86.ActiveCfg = Debug|x86
		{49DDF71A-F533-431E-AD73-A4678B8A218B}.Debug|x86.Build.0 = Debug|x86
		{49DDF71A-F533-431E-AD73-A4678B8A218B}.Release|Any CPU.ActiveCfg = Release|Any CPU
		{49DDF71A-F533-431E-AD73-A4678B8A218B}.Release|Any CPU.Build.0 = Release|Any CPU
		{49DDF71A-F533-431E-AD73-A4678B8A218B}.Release|x86.ActiveCfg = Release|x86
		{49DDF71A-F533-431E-AD73-A4678B8A218B}.Release|x86.Build.0 = Release|x86
		{49DDF71A-F533-431E-AD73-A4678B8A218B}.ReleaseDebugSymbols|Any CPU.ActiveCfg = ReleaseDebugSymbols|Any CPU
		{49DDF71A-F533-431E-AD73-A4678B8A218B}.ReleaseDebugSymbols|Any CPU.Build.0 = ReleaseDebugSymbols|Any CPU
		{49DDF71A-F533-431E-AD73-A4678B8A218B}.ReleaseDebugSymbols|x86.ActiveCfg = ReleaseDebugSymbols|x86
		{49DDF71A-F533-431E-AD73-A4678B8A218B}.ReleaseDebugSymbols|x86.Build.0 = ReleaseDebugSymbols|x86
	EndGlobalSection
	GlobalSection(SolutionProperties) = preSolution
		HideSolutionNode = FALSE
	EndGlobalSection
EndGlobal
